{
  "name": "mpv",
  "version": "1.0.0",
  "lockfileVersion": 1,
  "requires": true,
  "dependencies": {
    "@types/mpv": {
      "version": "git+https://github.com/Cerlancism/mpv.d.ts.git#cbafe7671a3e8785107001db534a991a0e3d243f",
      "from": "git+https://github.com/Cerlancism/mpv.d.ts.git"
    }
  }
}
