{
  "name": "mpv",
  "version": "1.0.0",
  "lockfileVersion": 3,
  "requires": true,
  "packages": {
    "": {
      "name": "mpv",
      "version": "1.0.0",
      "dependencies": {
        "@types/mpv": "github:Cerlancism/mpv.d.ts"
      }
    },
    "node_modules/@types/mpv": {
      "name": "mpv.d.ts",
      "version": "0.41.0",
      "resolved": "git+ssh://git@github.com/Cerlancism/mpv.d.ts.git#890e75846b4f183bab6940a1a6e41c4a9cb14b96",
      "license": "GPLv3"
    }
  }
}
